
Microsoft Visual Studio Solution File, Format Version 12.00
# Visual Studio Version 17
VisualStudioVersion = 17.9.34607.119
MinimumVisualStudioVersion = 10.0.40219.1
Project("{9A19103F-16F7-4668-BE54-9A1E7A4F7556}") = "UMS_WEB_API_new", "UMS_WEB_API_new\UMS_WEB_API_new.csproj", "{570CF6AD-5ACC-45FC-93A5-F5230C604EE7}"
EndProject
Project("{FAE04EC0-301F-11D3-BF4B-00C04F79EFBC}") = "UMS_DAL", "UMS_DAL\UMS_DAL.csproj", "{FC41CEDF-40ED-495F-BF52-BB30B064954B}"
EndProject
Project("{FAE04EC0-301F-11D3-BF4B-00C04F79EFBC}") = "UMS_BLL", "UMS_BLL\UMS_BLL.csproj", "{78E890C3-9D32-4C89-8F37-00FC5B4B9C7B}"
EndProject
Project("{FAE04EC0-301F-11D3-BF4B-00C04F79EFBC}") = "UMS_UnitTesting", "UMS_UnitTesting\UMS_UnitTesting.csproj", "{4E093FE7-024D-483D-9872-093F50376E00}"
EndProject
Global
	GlobalSection(SolutionConfigurationPlatforms) = preSolution
		Debug|Any CPU = Debug|Any CPU
		Release|Any CPU = Release|Any CPU
	EndGlobalSection
	GlobalSection(ProjectConfigurationPlatforms) = postSolution
		{570CF6AD-5ACC-45FC-93A5-F5230C604EE7}.Debug|Any CPU.ActiveCfg = Debug|Any CPU
		{570CF6AD-5ACC-45FC-93A5-F5230C604EE7}.Debug|Any CPU.Build.0 = Debug|Any CPU
		{570CF6AD-5ACC-45FC-93A5-F5230C604EE7}.Release|Any CPU.ActiveCfg = Release|Any CPU
		{570CF6AD-5ACC-45FC-93A5-F5230C604EE7}.Release|Any CPU.Build.0 = Release|Any CPU
		{FC41CEDF-40ED-495F-BF52-BB30B064954B}.Debug|Any CPU.ActiveCfg = Debug|Any CPU
		{FC41CEDF-40ED-495F-BF52-BB30B064954B}.Debug|Any CPU.Build.0 = Debug|Any CPU
		{FC41CEDF-40ED-495F-BF52-BB30B064954B}.Release|Any CPU.ActiveCfg = Release|Any CPU
		{FC41CEDF-40ED-495F-BF52-BB30B064954B}.Release|Any CPU.Build.0 = Release|Any CPU
		{78E890C3-9D32-4C89-8F37-00FC5B4B9C7B}.Debug|Any CPU.ActiveCfg = Debug|Any CPU
		{78E890C3-9D32-4C89-8F37-00FC5B4B9C7B}.Debug|Any CPU.Build.0 = Debug|Any CPU
		{78E890C3-9D32-4C89-8F37-00FC5B4B9C7B}.Release|Any CPU.ActiveCfg = Release|Any CPU
		{78E890C3-9D32-4C89-8F37-00FC5B4B9C7B}.Release|Any CPU.Build.0 = Release|Any CPU
		{4E093FE7-024D-483D-9872-093F50376E00}.Debug|Any CPU.ActiveCfg = Debug|Any CPU
		{4E093FE7-024D-483D-9872-093F50376E00}.Debug|Any CPU.Build.0 = Debug|Any CPU
		{4E093FE7-024D-483D-9872-093F50376E00}.Release|Any CPU.ActiveCfg = Release|Any CPU
		{4E093FE7-024D-483D-9872-093F50376E00}.Release|Any CPU.Build.0 = Release|Any CPU
	EndGlobalSection
	GlobalSection(SolutionProperties) = preSolution
		HideSolutionNode = FALSE
	EndGlobalSection
	GlobalSection(ExtensibilityGlobals) = postSolution
		SolutionGuid = {8CA6CB30-C5A1-4AAF-86B8-36F7E3BE2F40}
	EndGlobalSection
EndGlobal
